
Microsoft Visual Studio Solution File, Format Version 12.00
Project("{FAE04EC0-301F-11D3-BF4B-00C04F79EFBC}") = "data_structures", "data_structures\data_structures.csproj", "{C78F977A-0A90-4E5C-8121-FCDD381802A3}"
EndProject
Project("{FAE04EC0-301F-11D3-BF4B-00C04F79EFBC}") = "design_pattern_petrol_card", "design_pattern_petrol_card\design_pattern_petrol_card.csproj", "{D82320E2-8DB4-47B5-827B-AC3A67FB5748}"
EndProject
Project("{FAE04EC0-301F-11D3-BF4B-00C04F79EFBC}") = "test_management", "test_management\test_management.csproj", "{AD036674-4323-4D00-A05A-9BB4B06D5E79}"
EndProject
Project("{FAE04EC0-301F-11D3-BF4B-00C04F79EFBC}") = "design-principles", "design-principles\design-principles.csproj", "{5729B697-AB05-4E92-9B9E-13EF6DF41FCE}"
EndProject
Global
	GlobalSection(SolutionConfigurationPlatforms) = preSolution
		Debug|Any CPU = Debug|Any CPU
		Release|Any CPU = Release|Any CPU
	EndGlobalSection
	GlobalSection(ProjectConfigurationPlatforms) = postSolution
		{C78F977A-0A90-4E5C-8121-FCDD381802A3}.Debug|Any CPU.ActiveCfg = Debug|Any CPU
		{C78F977A-0A90-4E5C-8121-FCDD381802A3}.Debug|Any CPU.Build.0 = Debug|Any CPU
		{C78F977A-0A90-4E5C-8121-FCDD381802A3}.Release|Any CPU.ActiveCfg = Release|Any CPU
		{C78F977A-0A90-4E5C-8121-FCDD381802A3}.Release|Any CPU.Build.0 = Release|Any CPU
		{D82320E2-8DB4-47B5-827B-AC3A67FB5748}.Debug|Any CPU.ActiveCfg = Debug|Any CPU
		{D82320E2-8DB4-47B5-827B-AC3A67FB5748}.Debug|Any CPU.Build.0 = Debug|Any CPU
		{D82320E2-8DB4-47B5-827B-AC3A67FB5748}.Release|Any CPU.ActiveCfg = Release|Any CPU
		{D82320E2-8DB4-47B5-827B-AC3A67FB5748}.Release|Any CPU.Build.0 = Release|Any CPU
		{AD036674-4323-4D00-A05A-9BB4B06D5E79}.Debug|Any CPU.ActiveCfg = Debug|Any CPU
		{AD036674-4323-4D00-A05A-9BB4B06D5E79}.Debug|Any CPU.Build.0 = Debug|Any CPU
		{AD036674-4323-4D00-A05A-9BB4B06D5E79}.Release|Any CPU.ActiveCfg = Release|Any CPU
		{AD036674-4323-4D00-A05A-9BB4B06D5E79}.Release|Any CPU.Build.0 = Release|Any CPU
		{5729B697-AB05-4E92-9B9E-13EF6DF41FCE}.Debug|Any CPU.ActiveCfg = Debug|Any CPU
		{5729B697-AB05-4E92-9B9E-13EF6DF41FCE}.Debug|Any CPU.Build.0 = Debug|Any CPU
		{5729B697-AB05-4E92-9B9E-13EF6DF41FCE}.Release|Any CPU.ActiveCfg = Release|Any CPU
		{5729B697-AB05-4E92-9B9E-13EF6DF41FCE}.Release|Any CPU.Build.0 = Release|Any CPU
	EndGlobalSection
EndGlobal
